// !$*UTF8*$!
{
	archiveVersion = 1;
	classes = {
	};
	objectVersion = 48;
	objects = {

/* Begin PBXFileReference section */
		78D7B6A01F906A350065A697 /* index.html */ = {isa = PBXFileReference; lastKnownFileType = text.html; path = index.html; sourceTree = "<group>"; };
		78D7B6A11F906AF00065A697 /* LICENSE */ = {isa = PBXFileReference; lastKnownFileType = text; path = LICENSE; sourceTree = "<group>"; };
		78D7B6A21F906AF00065A697 /* README.md */ = {isa = PBXFileReference; lastKnownFileType = net.daringfireball.markdown; path = README.md; sourceTree = "<group>"; };
/* End PBXFileReference section */

/* Begin PBXGroup section */
		78D7B6991F9069CA0065A697 = {
			isa = PBXGroup;
			children = (
				78D7B6A11F906AF00065A697 /* LICENSE */,
				78D7B6A21F906AF00065A697 /* README.md */,
				78D7B6A01F906A350065A697 /* index.html */,
			);
			sourceTree = "<group>";
		};
/* End PBXGroup section */

/* Begin PBXProject section */
		78D7B69A1F9069CA0065A697 /* Project object */ = {
			isa = PBXProject;
			attributes = {
				LastUpgradeCheck = 0900;
			};
			buildConfigurationList = 78D7B69D1F9069CA0065A697 /* Build configuration list for PBXProject "objects" */;
			compatibilityVersion = "Xcode 8.0";
			developmentRegion = en;
			hasScannedForEncodings = 0;
			knownRegions = (
				en,
			);
			mainGroup = 78D7B6991F9069CA0065A697;
			projectDirPath = "";
			projectRoot = "";
			targets = (
			);
		};
/* End PBXProject section */

/* Begin XCBuildConfiguration section */
		78D7B69E1F9069CA0065A697 /* Debug */ = {
			isa = XCBuildConfiguration;
			buildSettings = {
			};
			name = Debug;
		};
		78D7B69F1F9069CA0065A697 /* Release */ = {
			isa = XCBuildConfiguration;
			buildSettings = {
			};
			name = Release;
		};
/* End XCBuildConfiguration section */

/* Begin XCConfigurationList section */
		78D7B69D1F9069CA0065A697 /* Build configuration list for PBXProject "objects" */ = {
			isa = XCConfigurationList;
			buildConfigurations = (
				78D7B69E1F9069CA0065A697 /* Debug */,
				78D7B69F1F9069CA0065A697 /* Release */,
			);
			defaultConfigurationIsVisible = 0;
			defaultConfigurationName = Release;
		};
/* End XCConfigurationList section */
	};
	rootObject = 78D7B69A1F9069CA0065A697 /* Project object */;
}
