// !$*UTF8*$!
{
	archiveVersion = 1;
	classes = {
	};
	objectVersion = 48;
	objects = {

/* Begin PBXFileReference section */
		78EBD1A31F8D61630052796F /* LICENSE */ = {isa = PBXFileReference; lastKnownFileType = text; path = LICENSE; sourceTree = "<group>"; };
		78EBD1A41F8D61640052796F /* README.md */ = {isa = PBXFileReference; lastKnownFileType = net.daringfireball.markdown; path = README.md; sourceTree = "<group>"; };
		78EBD1A51F8D61640052796F /* index.html */ = {isa = PBXFileReference; lastKnownFileType = text.html; path = index.html; sourceTree = "<group>"; };
/* End PBXFileReference section */

/* Begin PBXGroup section */
		7891C1421F8D561000AAF020 = {
			isa = PBXGroup;
			children = (
				78EBD1A51F8D61640052796F /* index.html */,
				78EBD1A31F8D61630052796F /* LICENSE */,
				78EBD1A41F8D61640052796F /* README.md */,
			);
			sourceTree = "<group>";
		};
/* End PBXGroup section */

/* Begin PBXProject section */
		7891C1431F8D561000AAF020 /* Project object */ = {
			isa = PBXProject;
			attributes = {
				LastUpgradeCheck = 0900;
			};
			buildConfigurationList = 7891C1461F8D561000AAF020 /* Build configuration list for PBXProject "fiddling" */;
			compatibilityVersion = "Xcode 8.0";
			developmentRegion = en;
			hasScannedForEncodings = 0;
			knownRegions = (
				en,
			);
			mainGroup = 7891C1421F8D561000AAF020;
			projectDirPath = "";
			projectRoot = "";
			targets = (
			);
		};
/* End PBXProject section */

/* Begin XCBuildConfiguration section */
		7891C1471F8D561000AAF020 /* Debug */ = {
			isa = XCBuildConfiguration;
			buildSettings = {
			};
			name = Debug;
		};
		7891C1481F8D561000AAF020 /* Release */ = {
			isa = XCBuildConfiguration;
			buildSettings = {
			};
			name = Release;
		};
/* End XCBuildConfiguration section */

/* Begin XCConfigurationList section */
		7891C1461F8D561000AAF020 /* Build configuration list for PBXProject "fiddling" */ = {
			isa = XCConfigurationList;
			buildConfigurations = (
				7891C1471F8D561000AAF020 /* Debug */,
				7891C1481F8D561000AAF020 /* Release */,
			);
			defaultConfigurationIsVisible = 0;
			defaultConfigurationName = Release;
		};
/* End XCConfigurationList section */
	};
	rootObject = 7891C1431F8D561000AAF020 /* Project object */;
}
